
Microsoft Visual Studio Solution File, Format Version 12.00
# Visual Studio 15
VisualStudioVersion = 15.0.28307.102
MinimumVisualStudioVersion = 10.0.40219.1
Project("{FAE04EC0-301F-11D3-BF4B-00C04F79EFBC}") = "absolute blockchain", "absolute blockchain\absolute blockchain.csproj", "{7A0C1CE4-4B06-42AD-A846-9445CC84DD80}"
EndProject
Global
	GlobalSection(SolutionConfigurationPlatforms) = preSolution
		Debug|Any CPU = Debug|Any CPU
		Release|Any CPU = Release|Any CPU
	EndGlobalSection
	GlobalSection(ProjectConfigurationPlatforms) = postSolution
		{7A0C1CE4-4B06-42AD-A846-9445CC84DD80}.Debug|Any CPU.ActiveCfg = Debug|Any CPU
		{7A0C1CE4-4B06-42AD-A846-9445CC84DD80}.Debug|Any CPU.Build.0 = Debug|Any CPU
		{7A0C1CE4-4B06-42AD-A846-9445CC84DD80}.Release|Any CPU.ActiveCfg = Release|Any CPU
		{7A0C1CE4-4B06-42AD-A846-9445CC84DD80}.Release|Any CPU.Build.0 = Release|Any CPU
	EndGlobalSection
	GlobalSection(SolutionProperties) = preSolution
		HideSolutionNode = FALSE
	EndGlobalSection
	GlobalSection(ExtensibilityGlobals) = postSolution
		SolutionGuid = {B7E165E6-9D3B-4F83-9AA7-88DDC06B8F00}
	EndGlobalSection
EndGlobal
